
Microsoft Visual Studio Solution File, Format Version 12.00
# Visual Studio 2017
Project("{FAE04EC0-301F-11D3-BF4B-00C04F79EFBC}") = "MazeRaid", "MazeRaid.csproj", "{1A6FDA2A-CBF4-BA48-FF55-2C7E3B6629BC}"
EndProject
Global
	GlobalSection(SolutionConfigurationPlatforms) = preSolution
		Debug|Any CPU = Debug|Any CPU
		Release|Any CPU = Release|Any CPU
	EndGlobalSection
	GlobalSection(ProjectConfigurationPlatforms) = postSolution
		{1A6FDA2A-CBF4-BA48-FF55-2C7E3B6629BC}.Debug|Any CPU.ActiveCfg = Debug|Any CPU
		{1A6FDA2A-CBF4-BA48-FF55-2C7E3B6629BC}.Debug|Any CPU.Build.0 = Debug|Any CPU
		{1A6FDA2A-CBF4-BA48-FF55-2C7E3B6629BC}.Release|Any CPU.ActiveCfg = Release|Any CPU
		{1A6FDA2A-CBF4-BA48-FF55-2C7E3B6629BC}.Release|Any CPU.Build.0 = Release|Any CPU
	EndGlobalSection
	GlobalSection(SolutionProperties) = preSolution
		HideSolutionNode = FALSE
	EndGlobalSection
EndGlobal
